
Microsoft Visual Studio Solution File, Format Version 12.00
# Visual Studio 15
VisualStudioVersion = 15.0.28307.1972
MinimumVisualStudioVersion = 10.0.40219.1
Project("{FAE04EC0-301F-11D3-BF4B-00C04F79EFBC}") = "WPF", "WPF\WPF.csproj", "{708EA082-8E59-4C80-B77E-0248273DAA3F}"
EndProject
Global
	GlobalSection(SolutionConfigurationPlatforms) = preSolution
		Debug|Any CPU = Debug|Any CPU
		Release|Any CPU = Release|Any CPU
	EndGlobalSection
	GlobalSection(ProjectConfigurationPlatforms) = postSolution
		{708EA082-8E59-4C80-B77E-0248273DAA3F}.Debug|Any CPU.ActiveCfg = Debug|Any CPU
		{708EA082-8E59-4C80-B77E-0248273DAA3F}.Debug|Any CPU.Build.0 = Debug|Any CPU
		{708EA082-8E59-4C80-B77E-0248273DAA3F}.Release|Any CPU.ActiveCfg = Release|Any CPU
		{708EA082-8E59-4C80-B77E-0248273DAA3F}.Release|Any CPU.Build.0 = Release|Any CPU
	EndGlobalSection
	GlobalSection(SolutionProperties) = preSolution
		HideSolutionNode = FALSE
	EndGlobalSection
	GlobalSection(ExtensibilityGlobals) = postSolution
		SolutionGuid = {E419D8ED-7B04-47C6-A89E-09A33608D4BD}
	EndGlobalSection
EndGlobal
