
Microsoft Visual Studio Solution File, Format Version 12.00
# Visual Studio 15
VisualStudioVersion = 15.0.28307.1972
MinimumVisualStudioVersion = 10.0.40219.1
Project("{FAE04EC0-301F-11D3-BF4B-00C04F79EFBC}") = "Lab1", "Lab1\Lab1.csproj", "{8A3B5A86-BD94-490A-AD5B-BE5504C05973}"
EndProject
Project("{FAE04EC0-301F-11D3-BF4B-00C04F79EFBC}") = "Lab1 WPF", "Lab1 WPF\Lab1 WPF.csproj", "{3067EBB2-E095-4A23-818A-0F4DA8B9B7CC}"
EndProject
Global
	GlobalSection(SolutionConfigurationPlatforms) = preSolution
		Debug|Any CPU = Debug|Any CPU
		Release|Any CPU = Release|Any CPU
	EndGlobalSection
	GlobalSection(ProjectConfigurationPlatforms) = postSolution
		{8A3B5A86-BD94-490A-AD5B-BE5504C05973}.Debug|Any CPU.ActiveCfg = Debug|Any CPU
		{8A3B5A86-BD94-490A-AD5B-BE5504C05973}.Debug|Any CPU.Build.0 = Debug|Any CPU
		{8A3B5A86-BD94-490A-AD5B-BE5504C05973}.Release|Any CPU.ActiveCfg = Release|Any CPU
		{8A3B5A86-BD94-490A-AD5B-BE5504C05973}.Release|Any CPU.Build.0 = Release|Any CPU
		{3067EBB2-E095-4A23-818A-0F4DA8B9B7CC}.Debug|Any CPU.ActiveCfg = Debug|Any CPU
		{3067EBB2-E095-4A23-818A-0F4DA8B9B7CC}.Debug|Any CPU.Build.0 = Debug|Any CPU
		{3067EBB2-E095-4A23-818A-0F4DA8B9B7CC}.Release|Any CPU.ActiveCfg = Release|Any CPU
		{3067EBB2-E095-4A23-818A-0F4DA8B9B7CC}.Release|Any CPU.Build.0 = Release|Any CPU
	EndGlobalSection
	GlobalSection(SolutionProperties) = preSolution
		HideSolutionNode = FALSE
	EndGlobalSection
	GlobalSection(ExtensibilityGlobals) = postSolution
		SolutionGuid = {33CF739E-36CF-4895-9561-C6AB70C2FA64}
	EndGlobalSection
EndGlobal
