
Microsoft Visual Studio Solution File, Format Version 12.00
# Visual Studio 15
VisualStudioVersion = 15.0.28307.1972
MinimumVisualStudioVersion = 10.0.40219.1
Project("{FAE04EC0-301F-11D3-BF4B-00C04F79EFBC}") = "Lab4", "Lab4\Lab4.csproj", "{D20D81CA-F27A-421F-9335-5FA8AA96E102}"
EndProject
Global
	GlobalSection(SolutionConfigurationPlatforms) = preSolution
		Debug|Any CPU = Debug|Any CPU
		Release|Any CPU = Release|Any CPU
	EndGlobalSection
	GlobalSection(ProjectConfigurationPlatforms) = postSolution
		{D20D81CA-F27A-421F-9335-5FA8AA96E102}.Debug|Any CPU.ActiveCfg = Debug|Any CPU
		{D20D81CA-F27A-421F-9335-5FA8AA96E102}.Debug|Any CPU.Build.0 = Debug|Any CPU
		{D20D81CA-F27A-421F-9335-5FA8AA96E102}.Release|Any CPU.ActiveCfg = Release|Any CPU
		{D20D81CA-F27A-421F-9335-5FA8AA96E102}.Release|Any CPU.Build.0 = Release|Any CPU
	EndGlobalSection
	GlobalSection(SolutionProperties) = preSolution
		HideSolutionNode = FALSE
	EndGlobalSection
	GlobalSection(ExtensibilityGlobals) = postSolution
		SolutionGuid = {6DCD7EED-AFDA-4193-98CD-2960A6DD4872}
	EndGlobalSection
EndGlobal
